// !$*UTF8*$!
{
	archiveVersion = 1;
	classes = {
	};
	objectVersion = 56;
	objects = {

/* Begin PBXBuildFile section */
		45498A212AF96933007D3DB2 /* AudioListener.swift in Sources */ = {isa = PBXBuildFile; fileRef = 45498A202AF96933007D3DB2 /* AudioListener.swift */; };
		45498A232AF96AAB007D3DB2 /* WaveformView.swift in Sources */ = {isa = PBXBuildFile; fileRef = 45498A222AF96AAB007D3DB2 /* WaveformView.swift */; };
		45498A292AF981B2007D3DB2 /* wav2vec2.ptl in Resources */ = {isa = PBXBuildFile; fileRef = 45498A262AF981B2007D3DB2 /* wav2vec2.ptl */; };
		45498A312AF98721007D3DB2 /* TorchModule.mm in Sources */ = {isa = PBXBuildFile; fileRef = 45498A2D2AF9846F007D3DB2 /* TorchModule.mm */; };
		45498A3D2AF992D0007D3DB2 /* transform_jit.ptl in Resources */ = {isa = PBXBuildFile; fileRef = 45498A3B2AF992D0007D3DB2 /* transform_jit.ptl */; };
		45498A3E2AF992D0007D3DB2 /* optimized_model.ptl in Resources */ = {isa = PBXBuildFile; fileRef = 45498A3C2AF992D0007D3DB2 /* optimized_model.ptl */; };
		45498A452AFA62C0007D3DB2 /* model.ptl in Resources */ = {isa = PBXBuildFile; fileRef = 45498A432AFA62C0007D3DB2 /* model.ptl */; };
		45498A462AFA62C0007D3DB2 /* transform.ptl in Resources */ = {isa = PBXBuildFile; fileRef = 45498A442AFA62C0007D3DB2 /* transform.ptl */; };
		4570DAC52AF95089002BD062 /* ios_ba_demoApp.swift in Sources */ = {isa = PBXBuildFile; fileRef = 4570DAC42AF95089002BD062 /* ios_ba_demoApp.swift */; };
		4570DAC72AF95089002BD062 /* ContentView.swift in Sources */ = {isa = PBXBuildFile; fileRef = 4570DAC62AF95089002BD062 /* ContentView.swift */; };
		4570DAC92AF9508A002BD062 /* Assets.xcassets in Resources */ = {isa = PBXBuildFile; fileRef = 4570DAC82AF9508A002BD062 /* Assets.xcassets */; };
		4570DACD2AF9508A002BD062 /* Preview Assets.xcassets in Resources */ = {isa = PBXBuildFile; fileRef = 4570DACC2AF9508A002BD062 /* Preview Assets.xcassets */; };
		D403940D453BB047F04CF6AF /* Pods_ios_ba_demo.framework in Frameworks */ = {isa = PBXBuildFile; fileRef = 8E2800FCFBDB571FD625A5DD /* Pods_ios_ba_demo.framework */; };
/* End PBXBuildFile section */

/* Begin PBXFileReference section */
		2C09D94D7CDE78D3906436A1 /* Pods-ios-ba-demo.debug.xcconfig */ = {isa = PBXFileReference; includeInIndex = 1; lastKnownFileType = text.xcconfig; name = "Pods-ios-ba-demo.debug.xcconfig"; path = "Target Support Files/Pods-ios-ba-demo/Pods-ios-ba-demo.debug.xcconfig"; sourceTree = "<group>"; };
		45498A202AF96933007D3DB2 /* AudioListener.swift */ = {isa = PBXFileReference; lastKnownFileType = sourcecode.swift; path = AudioListener.swift; sourceTree = "<group>"; };
		45498A222AF96AAB007D3DB2 /* WaveformView.swift */ = {isa = PBXFileReference; lastKnownFileType = sourcecode.swift; path = WaveformView.swift; sourceTree = "<group>"; };
		45498A262AF981B2007D3DB2 /* wav2vec2.ptl */ = {isa = PBXFileReference; lastKnownFileType = file; path = wav2vec2.ptl; sourceTree = "<group>"; };
		45498A2D2AF9846F007D3DB2 /* TorchModule.mm */ = {isa = PBXFileReference; lastKnownFileType = sourcecode.cpp.objcpp; path = TorchModule.mm; sourceTree = "<group>"; };
		45498A2F2AF98719007D3DB2 /* TorchModule.h */ = {isa = PBXFileReference; explicitFileType = sourcecode.c.h; fileEncoding = 4; path = TorchModule.h; sourceTree = "<group>"; };
		45498A302AF98719007D3DB2 /* ios-ba-demo-Bridging-Header.h */ = {isa = PBXFileReference; explicitFileType = sourcecode.c.h; fileEncoding = 4; path = "ios-ba-demo-Bridging-Header.h"; sourceTree = "<group>"; };
		45498A3B2AF992D0007D3DB2 /* transform_jit.ptl */ = {isa = PBXFileReference; lastKnownFileType = file; path = transform_jit.ptl; sourceTree = "<group>"; };
		45498A3C2AF992D0007D3DB2 /* optimized_model.ptl */ = {isa = PBXFileReference; lastKnownFileType = file; path = optimized_model.ptl; sourceTree = "<group>"; };
		45498A432AFA62C0007D3DB2 /* model.ptl */ = {isa = PBXFileReference; lastKnownFileType = file; path = model.ptl; sourceTree = "<group>"; };
		45498A442AFA62C0007D3DB2 /* transform.ptl */ = {isa = PBXFileReference; lastKnownFileType = file; path = transform.ptl; sourceTree = "<group>"; };
		4570DAC12AF95089002BD062 /* ios-ba-demo.app */ = {isa = PBXFileReference; explicitFileType = wrapper.application; includeInIndex = 0; path = "ios-ba-demo.app"; sourceTree = BUILT_PRODUCTS_DIR; };
		4570DAC42AF95089002BD062 /* ios_ba_demoApp.swift */ = {isa = PBXFileReference; lastKnownFileType = sourcecode.swift; path = ios_ba_demoApp.swift; sourceTree = "<group>"; };
		4570DAC62AF95089002BD062 /* ContentView.swift */ = {isa = PBXFileReference; lastKnownFileType = sourcecode.swift; path = ContentView.swift; sourceTree = "<group>"; };
		4570DAC82AF9508A002BD062 /* Assets.xcassets */ = {isa = PBXFileReference; lastKnownFileType = folder.assetcatalog; path = Assets.xcassets; sourceTree = "<group>"; };
		4570DACA2AF9508A002BD062 /* ios_ba_demo.entitlements */ = {isa = PBXFileReference; lastKnownFileType = text.plist.entitlements; path = ios_ba_demo.entitlements; sourceTree = "<group>"; };
		4570DACC2AF9508A002BD062 /* Preview Assets.xcassets */ = {isa = PBXFileReference; lastKnownFileType = folder.assetcatalog; path = "Preview Assets.xcassets"; sourceTree = "<group>"; };
		4570DAD82AF9677A002BD062 /* Info.plist */ = {isa = PBXFileReference; lastKnownFileType = text.plist; path = Info.plist; sourceTree = "<group>"; };
		5146B2536668D9B1BF28092C /* Pods-ios-ba-demo.release.xcconfig */ = {isa = PBXFileReference; includeInIndex = 1; lastKnownFileType = text.xcconfig; name = "Pods-ios-ba-demo.release.xcconfig"; path = "Target Support Files/Pods-ios-ba-demo/Pods-ios-ba-demo.release.xcconfig"; sourceTree = "<group>"; };
		8E2800FCFBDB571FD625A5DD /* Pods_ios_ba_demo.framework */ = {isa = PBXFileReference; explicitFileType = wrapper.framework; includeInIndex = 0; path = Pods_ios_ba_demo.framework; sourceTree = BUILT_PRODUCTS_DIR; };
/* End PBXFileReference section */

/* Begin PBXFrameworksBuildPhase section */
		4570DABE2AF95089002BD062 /* Frameworks */ = {
			isa = PBXFrameworksBuildPhase;
			buildActionMask = 2147483647;
			files = (
				D403940D453BB047F04CF6AF /* Pods_ios_ba_demo.framework in Frameworks */,
			);
			runOnlyForDeploymentPostprocessing = 0;
		};
/* End PBXFrameworksBuildPhase section */

/* Begin PBXGroup section */
		45498A2A2AF98406007D3DB2 /* TorchBridge */ = {
			isa = PBXGroup;
			children = (
				45498A302AF98719007D3DB2 /* ios-ba-demo-Bridging-Header.h */,
				45498A2F2AF98719007D3DB2 /* TorchModule.h */,
				45498A2D2AF9846F007D3DB2 /* TorchModule.mm */,
			);
			path = TorchBridge;
			sourceTree = "<group>";
		};
		4570DAB82AF95089002BD062 = {
			isa = PBXGroup;
			children = (
				4570DAC32AF95089002BD062 /* ios-ba-demo */,
				4570DAC22AF95089002BD062 /* Products */,
				6F0239133824BAD0835E78AB /* Pods */,
				B7C2E87121774234AC988FEE /* Frameworks */,
			);
			sourceTree = "<group>";
		};
		4570DAC22AF95089002BD062 /* Products */ = {
			isa = PBXGroup;
			children = (
				4570DAC12AF95089002BD062 /* ios-ba-demo.app */,
			);
			name = Products;
			sourceTree = "<group>";
		};
		4570DAC32AF95089002BD062 /* ios-ba-demo */ = {
			isa = PBXGroup;
			children = (
				45498A2A2AF98406007D3DB2 /* TorchBridge */,
				4570DAD82AF9677A002BD062 /* Info.plist */,
				4570DAD72AF96623002BD062 /* Models */,
				4570DAC42AF95089002BD062 /* ios_ba_demoApp.swift */,
				45498A202AF96933007D3DB2 /* AudioListener.swift */,
				45498A222AF96AAB007D3DB2 /* WaveformView.swift */,
				4570DAC62AF95089002BD062 /* ContentView.swift */,
				4570DAC82AF9508A002BD062 /* Assets.xcassets */,
				4570DACA2AF9508A002BD062 /* ios_ba_demo.entitlements */,
				4570DACB2AF9508A002BD062 /* Preview Content */,
			);
			path = "ios-ba-demo";
			sourceTree = "<group>";
		};
		4570DACB2AF9508A002BD062 /* Preview Content */ = {
			isa = PBXGroup;
			children = (
				4570DACC2AF9508A002BD062 /* Preview Assets.xcassets */,
			);
			path = "Preview Content";
			sourceTree = "<group>";
		};
		4570DAD72AF96623002BD062 /* Models */ = {
			isa = PBXGroup;
			children = (
				45498A432AFA62C0007D3DB2 /* model.ptl */,
				45498A442AFA62C0007D3DB2 /* transform.ptl */,
				45498A3C2AF992D0007D3DB2 /* optimized_model.ptl */,
				45498A3B2AF992D0007D3DB2 /* transform_jit.ptl */,
				45498A262AF981B2007D3DB2 /* wav2vec2.ptl */,
			);
			path = Models;
			sourceTree = "<group>";
		};
		6F0239133824BAD0835E78AB /* Pods */ = {
			isa = PBXGroup;
			children = (
				2C09D94D7CDE78D3906436A1 /* Pods-ios-ba-demo.debug.xcconfig */,
				5146B2536668D9B1BF28092C /* Pods-ios-ba-demo.release.xcconfig */,
			);
			path = Pods;
			sourceTree = "<group>";
		};
		B7C2E87121774234AC988FEE /* Frameworks */ = {
			isa = PBXGroup;
			children = (
				8E2800FCFBDB571FD625A5DD /* Pods_ios_ba_demo.framework */,
			);
			name = Frameworks;
			sourceTree = "<group>";
		};
/* End PBXGroup section */

/* Begin PBXNativeTarget section */
		4570DAC02AF95089002BD062 /* ios-ba-demo */ = {
			isa = PBXNativeTarget;
			buildConfigurationList = 4570DAD02AF9508A002BD062 /* Build configuration list for PBXNativeTarget "ios-ba-demo" */;
			buildPhases = (
				D5DE56B577936633ACCCF73E /* [CP] Check Pods Manifest.lock */,
				4570DABD2AF95089002BD062 /* Sources */,
				4570DABE2AF95089002BD062 /* Frameworks */,
				4570DABF2AF95089002BD062 /* Resources */,
			);
			buildRules = (
			);
			dependencies = (
			);
			name = "ios-ba-demo";
			productName = "ios-ba-demo";
			productReference = 4570DAC12AF95089002BD062 /* ios-ba-demo.app */;
			productType = "com.apple.product-type.application";
		};
/* End PBXNativeTarget section */

/* Begin PBXProject section */
		4570DAB92AF95089002BD062 /* Project object */ = {
			isa = PBXProject;
			attributes = {
				BuildIndependentTargetsInParallel = 1;
				LastSwiftUpdateCheck = 1430;
				LastUpgradeCheck = 1430;
				TargetAttributes = {
					4570DAC02AF95089002BD062 = {
						CreatedOnToolsVersion = 14.3.1;
						LastSwiftMigration = 1430;
					};
				};
			};
			buildConfigurationList = 4570DABC2AF95089002BD062 /* Build configuration list for PBXProject "ios-ba-demo" */;
			compatibilityVersion = "Xcode 14.0";
			developmentRegion = en;
			hasScannedForEncodings = 0;
			knownRegions = (
				en,
				Base,
			);
			mainGroup = 4570DAB82AF95089002BD062;
			productRefGroup = 4570DAC22AF95089002BD062 /* Products */;
			projectDirPath = "";
			projectRoot = "";
			targets = (
				4570DAC02AF95089002BD062 /* ios-ba-demo */,
			);
		};
/* End PBXProject section */

/* Begin PBXResourcesBuildPhase section */
		4570DABF2AF95089002BD062 /* Resources */ = {
			isa = PBXResourcesBuildPhase;
			buildActionMask = 2147483647;
			files = (
				45498A292AF981B2007D3DB2 /* wav2vec2.ptl in Resources */,
				45498A3E2AF992D0007D3DB2 /* optimized_model.ptl in Resources */,
				45498A462AFA62C0007D3DB2 /* transform.ptl in Resources */,
				45498A452AFA62C0007D3DB2 /* model.ptl in Resources */,
				45498A3D2AF992D0007D3DB2 /* transform_jit.ptl in Resources */,
				4570DACD2AF9508A002BD062 /* Preview Assets.xcassets in Resources */,
				4570DAC92AF9508A002BD062 /* Assets.xcassets in Resources */,
			);
			runOnlyForDeploymentPostprocessing = 0;
		};
/* End PBXResourcesBuildPhase section */

/* Begin PBXShellScriptBuildPhase section */
		D5DE56B577936633ACCCF73E /* [CP] Check Pods Manifest.lock */ = {
			isa = PBXShellScriptBuildPhase;
			buildActionMask = 2147483647;
			files = (
			);
			inputFileListPaths = (
			);
			inputPaths = (
				"${PODS_PODFILE_DIR_PATH}/Podfile.lock",
				"${PODS_ROOT}/Manifest.lock",
			);
			name = "[CP] Check Pods Manifest.lock";
			outputFileListPaths = (
			);
			outputPaths = (
				"$(DERIVED_FILE_DIR)/Pods-ios-ba-demo-checkManifestLockResult.txt",
			);
			runOnlyForDeploymentPostprocessing = 0;
			shellPath = /bin/sh;
			shellScript = "diff \"${PODS_PODFILE_DIR_PATH}/Podfile.lock\" \"${PODS_ROOT}/Manifest.lock\" > /dev/null\nif [ $? != 0 ] ; then\n    # print error to STDERR\n    echo \"error: The sandbox is not in sync with the Podfile.lock. Run 'pod install' or update your CocoaPods installation.\" >&2\n    exit 1\nfi\n# This output is used by Xcode 'outputs' to avoid re-running this script phase.\necho \"SUCCESS\" > \"${SCRIPT_OUTPUT_FILE_0}\"\n";
			showEnvVarsInLog = 0;
		};
/* End PBXShellScriptBuildPhase section */

/* Begin PBXSourcesBuildPhase section */
		4570DABD2AF95089002BD062 /* Sources */ = {
			isa = PBXSourcesBuildPhase;
			buildActionMask = 2147483647;
			files = (
				45498A212AF96933007D3DB2 /* AudioListener.swift in Sources */,
				4570DAC72AF95089002BD062 /* ContentView.swift in Sources */,
				4570DAC52AF95089002BD062 /* ios_ba_demoApp.swift in Sources */,
				45498A312AF98721007D3DB2 /* TorchModule.mm in Sources */,
				45498A232AF96AAB007D3DB2 /* WaveformView.swift in Sources */,
			);
			runOnlyForDeploymentPostprocessing = 0;
		};
/* End PBXSourcesBuildPhase section */

/* Begin XCBuildConfiguration section */
		4570DACE2AF9508A002BD062 /* Debug */ = {
			isa = XCBuildConfiguration;
			buildSettings = {
				ALWAYS_SEARCH_USER_PATHS = NO;
				CLANG_ANALYZER_NONNULL = YES;
				CLANG_ANALYZER_NUMBER_OBJECT_CONVERSION = YES_AGGRESSIVE;
				CLANG_CXX_LANGUAGE_STANDARD = "gnu++20";
				CLANG_ENABLE_MODULES = YES;
				CLANG_ENABLE_OBJC_ARC = YES;
				CLANG_ENABLE_OBJC_WEAK = YES;
				CLANG_WARN_BLOCK_CAPTURE_AUTORELEASING = YES;
				CLANG_WARN_BOOL_CONVERSION = YES;
				CLANG_WARN_COMMA = YES;
				CLANG_WARN_CONSTANT_CONVERSION = YES;
				CLANG_WARN_DEPRECATED_OBJC_IMPLEMENTATIONS = YES;
				CLANG_WARN_DIRECT_OBJC_ISA_USAGE = YES_ERROR;
				CLANG_WARN_DOCUMENTATION_COMMENTS = YES;
				CLANG_WARN_EMPTY_BODY = YES;
				CLANG_WARN_ENUM_CONVERSION = YES;
				CLANG_WARN_INFINITE_RECURSION = YES;
				CLANG_WARN_INT_CONVERSION = YES;
				CLANG_WARN_NON_LITERAL_NULL_CONVERSION = YES;
				CLANG_WARN_OBJC_IMPLICIT_RETAIN_SELF = YES;
				CLANG_WARN_OBJC_LITERAL_CONVERSION = YES;
				CLANG_WARN_OBJC_ROOT_CLASS = YES_ERROR;
				CLANG_WARN_QUOTED_INCLUDE_IN_FRAMEWORK_HEADER = YES;
				CLANG_WARN_RANGE_LOOP_ANALYSIS = YES;
				CLANG_WARN_STRICT_PROTOTYPES = YES;
				CLANG_WARN_SUSPICIOUS_MOVE = YES;
				CLANG_WARN_UNGUARDED_AVAILABILITY = YES_AGGRESSIVE;
				CLANG_WARN_UNREACHABLE_CODE = YES;
				CLANG_WARN__DUPLICATE_METHOD_MATCH = YES;
				COPY_PHASE_STRIP = NO;
				DEBUG_INFORMATION_FORMAT = dwarf;
				ENABLE_STRICT_OBJC_MSGSEND = YES;
				ENABLE_TESTABILITY = YES;
				GCC_C_LANGUAGE_STANDARD = gnu11;
				GCC_DYNAMIC_NO_PIC = NO;
				GCC_NO_COMMON_BLOCKS = YES;
				GCC_OPTIMIZATION_LEVEL = 0;
				GCC_PREPROCESSOR_DEFINITIONS = (
					"DEBUG=1",
					"$(inherited)",
				);
				GCC_WARN_64_TO_32_BIT_CONVERSION = YES;
				GCC_WARN_ABOUT_RETURN_TYPE = YES_ERROR;
				GCC_WARN_UNDECLARED_SELECTOR = YES;
				GCC_WARN_UNINITIALIZED_AUTOS = YES_AGGRESSIVE;
				GCC_WARN_UNUSED_FUNCTION = YES;
				GCC_WARN_UNUSED_VARIABLE = YES;
				MTL_ENABLE_DEBUG_INFO = INCLUDE_SOURCE;
				MTL_FAST_MATH = YES;
				ONLY_ACTIVE_ARCH = YES;
				SWIFT_ACTIVE_COMPILATION_CONDITIONS = DEBUG;
				SWIFT_OPTIMIZATION_LEVEL = "-Onone";
			};
			name = Debug;
		};
		4570DACF2AF9508A002BD062 /* Release */ = {
			isa = XCBuildConfiguration;
			buildSettings = {
				ALWAYS_SEARCH_USER_PATHS = NO;
				CLANG_ANALYZER_NONNULL = YES;
				CLANG_ANALYZER_NUMBER_OBJECT_CONVERSION = YES_AGGRESSIVE;
				CLANG_CXX_LANGUAGE_STANDARD = "gnu++20";
				CLANG_ENABLE_MODULES = YES;
				CLANG_ENABLE_OBJC_ARC = YES;
				CLANG_ENABLE_OBJC_WEAK = YES;
				CLANG_WARN_BLOCK_CAPTURE_AUTORELEASING = YES;
				CLANG_WARN_BOOL_CONVERSION = YES;
				CLANG_WARN_COMMA = YES;
				CLANG_WARN_CONSTANT_CONVERSION = YES;
				CLANG_WARN_DEPRECATED_OBJC_IMPLEMENTATIONS = YES;
				CLANG_WARN_DIRECT_OBJC_ISA_USAGE = YES_ERROR;
				CLANG_WARN_DOCUMENTATION_COMMENTS = YES;
				CLANG_WARN_EMPTY_BODY = YES;
				CLANG_WARN_ENUM_CONVERSION = YES;
				CLANG_WARN_INFINITE_RECURSION = YES;
				CLANG_WARN_INT_CONVERSION = YES;
				CLANG_WARN_NON_LITERAL_NULL_CONVERSION = YES;
				CLANG_WARN_OBJC_IMPLICIT_RETAIN_SELF = YES;
				CLANG_WARN_OBJC_LITERAL_CONVERSION = YES;
				CLANG_WARN_OBJC_ROOT_CLASS = YES_ERROR;
				CLANG_WARN_QUOTED_INCLUDE_IN_FRAMEWORK_HEADER = YES;
				CLANG_WARN_RANGE_LOOP_ANALYSIS = YES;
				CLANG_WARN_STRICT_PROTOTYPES = YES;
				CLANG_WARN_SUSPICIOUS_MOVE = YES;
				CLANG_WARN_UNGUARDED_AVAILABILITY = YES_AGGRESSIVE;
				CLANG_WARN_UNREACHABLE_CODE = YES;
				CLANG_WARN__DUPLICATE_METHOD_MATCH = YES;
				COPY_PHASE_STRIP = NO;
				DEBUG_INFORMATION_FORMAT = "dwarf-with-dsym";
				ENABLE_NS_ASSERTIONS = NO;
				ENABLE_STRICT_OBJC_MSGSEND = YES;
				GCC_C_LANGUAGE_STANDARD = gnu11;
				GCC_NO_COMMON_BLOCKS = YES;
				GCC_WARN_64_TO_32_BIT_CONVERSION = YES;
				GCC_WARN_ABOUT_RETURN_TYPE = YES_ERROR;
				GCC_WARN_UNDECLARED_SELECTOR = YES;
				GCC_WARN_UNINITIALIZED_AUTOS = YES_AGGRESSIVE;
				GCC_WARN_UNUSED_FUNCTION = YES;
				GCC_WARN_UNUSED_VARIABLE = YES;
				MTL_ENABLE_DEBUG_INFO = NO;
				MTL_FAST_MATH = YES;
				SWIFT_COMPILATION_MODE = wholemodule;
				SWIFT_OPTIMIZATION_LEVEL = "-O";
			};
			name = Release;
		};
		4570DAD12AF9508A002BD062 /* Debug */ = {
			isa = XCBuildConfiguration;
			baseConfigurationReference = 2C09D94D7CDE78D3906436A1 /* Pods-ios-ba-demo.debug.xcconfig */;
			buildSettings = {
				ASSETCATALOG_COMPILER_APPICON_NAME = AppIcon;
				ASSETCATALOG_COMPILER_GLOBAL_ACCENT_COLOR_NAME = AccentColor;
				CLANG_CXX_LANGUAGE_STANDARD = "c++17";
				CLANG_ENABLE_MODULES = YES;
				CODE_SIGN_ENTITLEMENTS = "ios-ba-demo/ios_ba_demo.entitlements";
				CODE_SIGN_STYLE = Automatic;
				CURRENT_PROJECT_VERSION = 1;
				DEVELOPMENT_ASSET_PATHS = "\"ios-ba-demo/Preview Content\"";
				DEVELOPMENT_TEAM = MS5SJ9VK4B;
				ENABLE_HARDENED_RUNTIME = YES;
				ENABLE_PREVIEWS = YES;
				EXCLUDED_ARCHS = "";
				GENERATE_INFOPLIST_FILE = YES;
				INFOPLIST_FILE = "ios-ba-demo/Info.plist";
				"INFOPLIST_KEY_UIApplicationSceneManifest_Generation[sdk=iphoneos*]" = YES;
				"INFOPLIST_KEY_UIApplicationSceneManifest_Generation[sdk=iphonesimulator*]" = YES;
				"INFOPLIST_KEY_UIApplicationSupportsIndirectInputEvents[sdk=iphoneos*]" = YES;
				"INFOPLIST_KEY_UIApplicationSupportsIndirectInputEvents[sdk=iphonesimulator*]" = YES;
				"INFOPLIST_KEY_UILaunchScreen_Generation[sdk=iphoneos*]" = YES;
				"INFOPLIST_KEY_UILaunchScreen_Generation[sdk=iphonesimulator*]" = YES;
				"INFOPLIST_KEY_UIStatusBarStyle[sdk=iphoneos*]" = UIStatusBarStyleDefault;
				"INFOPLIST_KEY_UIStatusBarStyle[sdk=iphonesimulator*]" = UIStatusBarStyleDefault;
				INFOPLIST_KEY_UISupportedInterfaceOrientations_iPad = "UIInterfaceOrientationPortrait UIInterfaceOrientationPortraitUpsideDown UIInterfaceOrientationLandscapeLeft UIInterfaceOrientationLandscapeRight";
				INFOPLIST_KEY_UISupportedInterfaceOrientations_iPhone = "UIInterfaceOrientationPortrait UIInterfaceOrientationLandscapeLeft UIInterfaceOrientationLandscapeRight";
				IPHONEOS_DEPLOYMENT_TARGET = 16.4;
				LD_RUNPATH_SEARCH_PATHS = "@executable_path/Frameworks";
				"LD_RUNPATH_SEARCH_PATHS[sdk=macosx*]" = "@executable_path/../Frameworks";
				MACOSX_DEPLOYMENT_TARGET = 13.3;
				MARKETING_VERSION = 1.0;
				PRODUCT_BUNDLE_IDENTIFIER = "com.meowop.ios-ba-demo";
				PRODUCT_NAME = "$(TARGET_NAME)";
				SDKROOT = auto;
				SUPPORTED_PLATFORMS = "iphoneos iphonesimulator macosx";
				SWIFT_EMIT_LOC_STRINGS = YES;
				"SWIFT_OBJC_BRIDGING_HEADER[arch=*]" = "ios-ba-demo/TorchBridge/ios-ba-demo-Bridging-Header.h";
				SWIFT_OPTIMIZATION_LEVEL = "-Onone";
				SWIFT_VERSION = 5.0;
				TARGETED_DEVICE_FAMILY = "1,2";
			};
			name = Debug;
		};
		4570DAD22AF9508A002BD062 /* Release */ = {
			isa = XCBuildConfiguration;
			baseConfigurationReference = 5146B2536668D9B1BF28092C /* Pods-ios-ba-demo.release.xcconfig */;
			buildSettings = {
				ASSETCATALOG_COMPILER_APPICON_NAME = AppIcon;
				ASSETCATALOG_COMPILER_GLOBAL_ACCENT_COLOR_NAME = AccentColor;
				CLANG_CXX_LANGUAGE_STANDARD = "c++17";
				CLANG_ENABLE_MODULES = YES;
				CODE_SIGN_ENTITLEMENTS = "ios-ba-demo/ios_ba_demo.entitlements";
				CODE_SIGN_STYLE = Automatic;
				CURRENT_PROJECT_VERSION = 1;
				DEVELOPMENT_ASSET_PATHS = "\"ios-ba-demo/Preview Content\"";
				DEVELOPMENT_TEAM = MS5SJ9VK4B;
				ENABLE_HARDENED_RUNTIME = YES;
				ENABLE_PREVIEWS = YES;
				EXCLUDED_ARCHS = "";
				GENERATE_INFOPLIST_FILE = YES;
				INFOPLIST_FILE = "ios-ba-demo/Info.plist";
				"INFOPLIST_KEY_UIApplicationSceneManifest_Generation[sdk=iphoneos*]" = YES;
				"INFOPLIST_KEY_UIApplicationSceneManifest_Generation[sdk=iphonesimulator*]" = YES;
				"INFOPLIST_KEY_UIApplicationSupportsIndirectInputEvents[sdk=iphoneos*]" = YES;
				"INFOPLIST_KEY_UIApplicationSupportsIndirectInputEvents[sdk=iphonesimulator*]" = YES;
				"INFOPLIST_KEY_UILaunchScreen_Generation[sdk=iphoneos*]" = YES;
				"INFOPLIST_KEY_UILaunchScreen_Generation[sdk=iphonesimulator*]" = YES;
				"INFOPLIST_KEY_UIStatusBarStyle[sdk=iphoneos*]" = UIStatusBarStyleDefault;
				"INFOPLIST_KEY_UIStatusBarStyle[sdk=iphonesimulator*]" = UIStatusBarStyleDefault;
				INFOPLIST_KEY_UISupportedInterfaceOrientations_iPad = "UIInterfaceOrientationPortrait UIInterfaceOrientationPortraitUpsideDown UIInterfaceOrientationLandscapeLeft UIInterfaceOrientationLandscapeRight";
				INFOPLIST_KEY_UISupportedInterfaceOrientations_iPhone = "UIInterfaceOrientationPortrait UIInterfaceOrientationLandscapeLeft UIInterfaceOrientationLandscapeRight";
				IPHONEOS_DEPLOYMENT_TARGET = 16.4;
				LD_RUNPATH_SEARCH_PATHS = "@executable_path/Frameworks";
				"LD_RUNPATH_SEARCH_PATHS[sdk=macosx*]" = "@executable_path/../Frameworks";
				MACOSX_DEPLOYMENT_TARGET = 13.3;
				MARKETING_VERSION = 1.0;
				PRODUCT_BUNDLE_IDENTIFIER = "com.meowop.ios-ba-demo";
				PRODUCT_NAME = "$(TARGET_NAME)";
				SDKROOT = auto;
				SUPPORTED_PLATFORMS = "iphoneos iphonesimulator macosx";
				SWIFT_EMIT_LOC_STRINGS = YES;
				"SWIFT_OBJC_BRIDGING_HEADER[arch=*]" = "ios-ba-demo/TorchBridge/ios-ba-demo-Bridging-Header.h";
				SWIFT_VERSION = 5.0;
				TARGETED_DEVICE_FAMILY = "1,2";
			};
			name = Release;
		};
/* End XCBuildConfiguration section */

/* Begin XCConfigurationList section */
		4570DABC2AF95089002BD062 /* Build configuration list for PBXProject "ios-ba-demo" */ = {
			isa = XCConfigurationList;
			buildConfigurations = (
				4570DACE2AF9508A002BD062 /* Debug */,
				4570DACF2AF9508A002BD062 /* Release */,
			);
			defaultConfigurationIsVisible = 0;
			defaultConfigurationName = Release;
		};
		4570DAD02AF9508A002BD062 /* Build configuration list for PBXNativeTarget "ios-ba-demo" */ = {
			isa = XCConfigurationList;
			buildConfigurations = (
				4570DAD12AF9508A002BD062 /* Debug */,
				4570DAD22AF9508A002BD062 /* Release */,
			);
			defaultConfigurationIsVisible = 0;
			defaultConfigurationName = Release;
		};
/* End XCConfigurationList section */
	};
	rootObject = 4570DAB92AF95089002BD062 /* Project object */;
}
